
Microsoft Visual Studio Solution File, Format Version 12.00
# Visual Studio Version 17
VisualStudioVersion = 17.8.34511.84
MinimumVisualStudioVersion = 10.0.40219.1
Project("{FAE04EC0-301F-11D3-BF4B-00C04F79EFBC}") = "esercizio_giorno_2", "esercizio_giorno_2\esercizio_giorno_2.csproj", "{F377AC83-2007-4FD2-84EE-12A7E14D2157}"
EndProject
Global
	GlobalSection(SolutionConfigurationPlatforms) = preSolution
		Debug|Any CPU = Debug|Any CPU
		Release|Any CPU = Release|Any CPU
	EndGlobalSection
	GlobalSection(ProjectConfigurationPlatforms) = postSolution
		{F377AC83-2007-4FD2-84EE-12A7E14D2157}.Debug|Any CPU.ActiveCfg = Debug|Any CPU
		{F377AC83-2007-4FD2-84EE-12A7E14D2157}.Debug|Any CPU.Build.0 = Debug|Any CPU
		{F377AC83-2007-4FD2-84EE-12A7E14D2157}.Release|Any CPU.ActiveCfg = Release|Any CPU
		{F377AC83-2007-4FD2-84EE-12A7E14D2157}.Release|Any CPU.Build.0 = Release|Any CPU
	EndGlobalSection
	GlobalSection(SolutionProperties) = preSolution
		HideSolutionNode = FALSE
	EndGlobalSection
	GlobalSection(ExtensibilityGlobals) = postSolution
		SolutionGuid = {756BEA49-4FA6-470E-8894-32D0CEE09624}
	EndGlobalSection
EndGlobal
